
Microsoft Visual Studio Solution File, Format Version 12.00
# Visual Studio Version 16
VisualStudioVersion = 16.0.30223.230
MinimumVisualStudioVersion = 10.0.40219.1
Project("{9A19103F-16F7-4668-BE54-9A1E7A4F7556}") = "OpenNspw.Disassembler", "OpenNspw.Disassembler\OpenNspw.Disassembler.csproj", "{808F9B59-FCE0-45E3-9B36-1B62D6986584}"
EndProject
Global
	GlobalSection(SolutionConfigurationPlatforms) = preSolution
		Debug|Any CPU = Debug|Any CPU
		Release|Any CPU = Release|Any CPU
	EndGlobalSection
	GlobalSection(ProjectConfigurationPlatforms) = postSolution
		{808F9B59-FCE0-45E3-9B36-1B62D6986584}.Debug|Any CPU.ActiveCfg = Debug|Any CPU
		{808F9B59-FCE0-45E3-9B36-1B62D6986584}.Debug|Any CPU.Build.0 = Debug|Any CPU
		{808F9B59-FCE0-45E3-9B36-1B62D6986584}.Release|Any CPU.ActiveCfg = Release|Any CPU
		{808F9B59-FCE0-45E3-9B36-1B62D6986584}.Release|Any CPU.Build.0 = Release|Any CPU
	EndGlobalSection
	GlobalSection(SolutionProperties) = preSolution
		HideSolutionNode = FALSE
	EndGlobalSection
	GlobalSection(ExtensibilityGlobals) = postSolution
		SolutionGuid = {6794054C-A739-449A-A432-AAD12D5A8B99}
	EndGlobalSection
EndGlobal
